{
    "_readme": [
        "This file locks the dependencies of your project to a known state",
        "Read more about it at https://getcomposer.org/doc/01-basic-usage.md#composer-lock-the-lock-file",
        "This file is @generated automatically"
    ],
    "hash": "f3d7a52674b99e6f3b3606b60fe276dd",
    "packages": [
        {
            "name": "cpliakas/git-wrapper",
            "version": "1.5.0",
            "source": {
                "type": "git",
                "url": "https://github.com/cpliakas/git-wrapper.git",
                "reference": "0f8c4a4dcdd6ca5b46330ab12be3a439eea16d46"
            },
            "dist": {
                "type": "zip",
                "url": "https://api.github.com/repos/cpliakas/git-wrapper/zipball/0f8c4a4dcdd6ca5b46330ab12be3a439eea16d46",
                "reference": "0f8c4a4dcdd6ca5b46330ab12be3a439eea16d46",
                "shasum": ""
            },
            "require": {
                "php": ">=5.3.0",
                "symfony/event-dispatcher": "~2.3|~3.0",
                "symfony/process": "~2.3|~3.0"
            },
            "require-dev": {
                "pdepend/pdepend": "~1.0",
                "phploc/phploc": "~2.0",
                "phpmd/phpmd": "~1.0",
                "phpunit/phpunit": "~3.0",
                "psr/log": "~1.0",
                "scrutinizer/ocular": "~1.0",
                "sebastian/phpcpd": "~2.0",
                "symfony/filesystem": "~2.0"
            },
            "suggest": {
                "monolog/monolog": "Enables logging of executed git commands"
            },
            "type": "library",
            "autoload": {
                "psr-0": {
                    "GitWrapper": "src/"
                }
            },
            "notification-url": "https://packagist.org/downloads/",
            "license": [
                "MIT"
            ],
            "authors": [
                {
                    "name": "Chris Pliakas",
                    "email": "opensource@chrispliakas.com"
                }
            ],
            "description": "A PHP wrapper around the Git command line utility.",
            "homepage": "https://github.com/cpliakas/git-wrapper",
            "keywords": [
                "git"
            ],
            "time": "2015-07-08 14:28:09"
        },
        {
            "name": "symfony/config",
            "version": "v2.7.1",
            "source": {
                "type": "git",
                "url": "https://github.com/symfony/Config.git",
                "reference": "58ded81f1f582a87c528ef3dae9a859f78b5f374"
            },
            "dist": {
                "type": "zip",
                "url": "https://api.github.com/repos/symfony/Config/zipball/58ded81f1f582a87c528ef3dae9a859f78b5f374",
                "reference": "58ded81f1f582a87c528ef3dae9a859f78b5f374",
                "shasum": ""
            },
            "require": {
                "php": ">=5.3.9",
                "symfony/filesystem": "~2.3"
            },
            "require-dev": {
                "symfony/phpunit-bridge": "~2.7"
            },
            "type": "library",
            "extra": {
                "branch-alias": {
                    "dev-master": "2.7-dev"
                }
            },
            "autoload": {
                "psr-4": {
                    "Symfony\\Component\\Config\\": ""
                }
            },
            "notification-url": "https://packagist.org/downloads/",
            "license": [
                "MIT"
            ],
            "authors": [
                {
                    "name": "Fabien Potencier",
                    "email": "fabien@symfony.com"
                },
                {
                    "name": "Symfony Community",
                    "homepage": "https://symfony.com/contributors"
                }
            ],
            "description": "Symfony Config Component",
            "homepage": "https://symfony.com",
            "time": "2015-06-11 14:06:56"
        },
        {
            "name": "symfony/console",
            "version": "v2.7.1",
            "source": {
                "type": "git",
                "url": "https://github.com/symfony/Console.git",
                "reference": "564398bc1f33faf92fc2ec86859983d30eb81806"
            },
            "dist": {
                "type": "zip",
                "url": "https://api.github.com/repos/symfony/Console/zipball/564398bc1f33faf92fc2ec86859983d30eb81806",
                "reference": "564398bc1f33faf92fc2ec86859983d30eb81806",
                "shasum": ""
            },
            "require": {
                "php": ">=5.3.9"
            },
            "require-dev": {
                "psr/log": "~1.0",
                "symfony/event-dispatcher": "~2.1",
                "symfony/phpunit-bridge": "~2.7",
                "symfony/process": "~2.1"
            },
            "suggest": {
                "psr/log": "For using the console logger",
                "symfony/event-dispatcher": "",
                "symfony/process": ""
            },
            "type": "library",
            "extra": {
                "branch-alias": {
                    "dev-master": "2.7-dev"
                }
            },
            "autoload": {
                "psr-4": {
                    "Symfony\\Component\\Console\\": ""
                }
            },
            "notification-url": "https://packagist.org/downloads/",
            "license": [
                "MIT"
            ],
            "authors": [
                {
                    "name": "Fabien Potencier",
                    "email": "fabien@symfony.com"
                },
                {
                    "name": "Symfony Community",
                    "homepage": "https://symfony.com/contributors"
                }
            ],
            "description": "Symfony Console Component",
            "homepage": "https://symfony.com",
            "time": "2015-06-10 15:30:22"
        },
        {
            "name": "symfony/event-dispatcher",
            "version": "v2.7.1",
            "source": {
                "type": "git",
                "url": "https://github.com/symfony/EventDispatcher.git",
                "reference": "be3c5ff8d503c46768aeb78ce6333051aa6f26d9"
            },
            "dist": {
                "type": "zip",
                "url": "https://api.github.com/repos/symfony/EventDispatcher/zipball/be3c5ff8d503c46768aeb78ce6333051aa6f26d9",
                "reference": "be3c5ff8d503c46768aeb78ce6333051aa6f26d9",
                "shasum": ""
            },
            "require": {
                "php": ">=5.3.9"
            },
            "require-dev": {
                "psr/log": "~1.0",
                "symfony/config": "~2.0,>=2.0.5",
                "symfony/dependency-injection": "~2.6",
                "symfony/expression-language": "~2.6",
                "symfony/phpunit-bridge": "~2.7",
                "symfony/stopwatch": "~2.3"
            },
            "suggest": {
                "symfony/dependency-injection": "",
                "symfony/http-kernel": ""
            },
            "type": "library",
            "extra": {
                "branch-alias": {
                    "dev-master": "2.7-dev"
                }
            },
            "autoload": {
                "psr-4": {
                    "Symfony\\Component\\EventDispatcher\\": ""
                }
            },
            "notification-url": "https://packagist.org/downloads/",
            "license": [
                "MIT"
            ],
            "authors": [
                {
                    "name": "Fabien Potencier",
                    "email": "fabien@symfony.com"
                },
                {
                    "name": "Symfony Community",
                    "homepage": "https://symfony.com/contributors"
                }
            ],
            "description": "Symfony EventDispatcher Component",
            "homepage": "https://symfony.com",
            "time": "2015-06-08 09:37:21"
        },
        {
            "name": "symfony/filesystem",
            "version": "v2.7.1",
            "source": {
                "type": "git",
                "url": "https://github.com/symfony/Filesystem.git",
                "reference": "a0d43eb3e17d4f4c6990289805a488a0482a07f3"
            },
            "dist": {
                "type": "zip",
                "url": "https://api.github.com/repos/symfony/Filesystem/zipball/a0d43eb3e17d4f4c6990289805a488a0482a07f3",
                "reference": "a0d43eb3e17d4f4c6990289805a488a0482a07f3",
                "shasum": ""
            },
            "require": {
                "php": ">=5.3.9"
            },
            "require-dev": {
                "symfony/phpunit-bridge": "~2.7"
            },
            "type": "library",
            "extra": {
                "branch-alias": {
                    "dev-master": "2.7-dev"
                }
            },
            "autoload": {
                "psr-4": {
                    "Symfony\\Component\\Filesystem\\": ""
                }
            },
            "notification-url": "https://packagist.org/downloads/",
            "license": [
                "MIT"
            ],
            "authors": [
                {
                    "name": "Fabien Potencier",
                    "email": "fabien@symfony.com"
                },
                {
                    "name": "Symfony Community",
                    "homepage": "https://symfony.com/contributors"
                }
            ],
            "description": "Symfony Filesystem Component",
            "homepage": "https://symfony.com",
            "time": "2015-06-08 09:37:21"
        },
        {
            "name": "symfony/process",
            "version": "v2.7.1",
            "source": {
                "type": "git",
                "url": "https://github.com/symfony/Process.git",
                "reference": "552d8efdc80980cbcca50b28d626ac8e36e3cdd1"
            },
            "dist": {
                "type": "zip",
                "url": "https://api.github.com/repos/symfony/Process/zipball/552d8efdc80980cbcca50b28d626ac8e36e3cdd1",
                "reference": "552d8efdc80980cbcca50b28d626ac8e36e3cdd1",
                "shasum": ""
            },
            "require": {
                "php": ">=5.3.9"
            },
            "require-dev": {
                "symfony/phpunit-bridge": "~2.7"
            },
            "type": "library",
            "extra": {
                "branch-alias": {
                    "dev-master": "2.7-dev"
                }
            },
            "autoload": {
                "psr-4": {
                    "Symfony\\Component\\Process\\": ""
                }
            },
            "notification-url": "https://packagist.org/downloads/",
            "license": [
                "MIT"
            ],
            "authors": [
                {
                    "name": "Fabien Potencier",
                    "email": "fabien@symfony.com"
                },
                {
                    "name": "Symfony Community",
                    "homepage": "https://symfony.com/contributors"
                }
            ],
            "description": "Symfony Process Component",
            "homepage": "https://symfony.com",
            "time": "2015-06-08 09:37:21"
        },
        {
            "name": "symfony/yaml",
            "version": "v2.7.1",
            "source": {
                "type": "git",
                "url": "https://github.com/symfony/Yaml.git",
                "reference": "9808e75c609a14f6db02f70fccf4ca4aab53c160"
            },
            "dist": {
                "type": "zip",
                "url": "https://api.github.com/repos/symfony/Yaml/zipball/9808e75c609a14f6db02f70fccf4ca4aab53c160",
                "reference": "9808e75c609a14f6db02f70fccf4ca4aab53c160",
                "shasum": ""
            },
            "require": {
                "php": ">=5.3.9"
            },
            "require-dev": {
                "symfony/phpunit-bridge": "~2.7"
            },
            "type": "library",
            "extra": {
                "branch-alias": {
                    "dev-master": "2.7-dev"
                }
            },
            "autoload": {
                "psr-4": {
                    "Symfony\\Component\\Yaml\\": ""
                }
            },
            "notification-url": "https://packagist.org/downloads/",
            "license": [
                "MIT"
            ],
            "authors": [
                {
                    "name": "Fabien Potencier",
                    "email": "fabien@symfony.com"
                },
                {
                    "name": "Symfony Community",
                    "homepage": "https://symfony.com/contributors"
                }
            ],
            "description": "Symfony Yaml Component",
            "homepage": "https://symfony.com",
            "time": "2015-06-10 15:30:22"
        },
        {
            "name": "teqneers/php-stream-wrapper-for-git",
            "version": "v1.0.0",
            "source": {
                "type": "git",
                "url": "https://github.com/teqneers/PHP-Stream-Wrapper-for-Git.git",
                "reference": "ee3538f6cd0940f3e475e198b02f15b47ffc421b"
            },
            "dist": {
                "type": "zip",
                "url": "https://api.github.com/repos/teqneers/PHP-Stream-Wrapper-for-Git/zipball/ee3538f6cd0940f3e475e198b02f15b47ffc421b",
                "reference": "ee3538f6cd0940f3e475e198b02f15b47ffc421b",
                "shasum": ""
            },
            "require": {
                "php": ">=5.3.0"
            },
            "require-dev": {
                "knplabs/gaufrette": "*",
                "phpunit/phpunit": "3.7.*"
            },
            "suggest": {
                "knplabs/gaufrette": "to use the Gaufrette adapter"
            },
            "type": "library",
            "autoload": {
                "psr-0": {
                    "TQ": "src"
                }
            },
            "notification-url": "https://packagist.org/downloads/",
            "license": [
                "MIT"
            ],
            "authors": [
                {
                    "name": "Stefan Gehrig",
                    "email": "gehrig@teqneers.de",
                    "homepage": "http://opensource.teqneers.de/"
                }
            ],
            "description": "Git Stream Wrapper for PHP",
            "homepage": "https://github.com/teqneers/PHP-Stream-Wrapper-for-Git",
            "keywords": [
                "git",
                "stream-wrapper",
                "streamwrapper"
            ],
            "time": "2014-04-20 10:09:39"
        }
    ],
    "packages-dev": [],
    "aliases": [],
    "minimum-stability": "stable",
    "stability-flags": [],
    "prefer-stable": false,
    "prefer-lowest": false,
    "platform": {
        "php": ">=5.5.9"
    },
    "platform-dev": []
}
